
Microsoft Visual Studio Solution File, Format Version 12.00
# Visual Studio 2012
Project("{FAE04EC0-301F-11D3-BF4B-00C04F79EFBC}") = "MtgDeckBuilder-Desktop", "MtgDeckBuilder-Desktop.csproj", "{3DB7EDA2-D892-46A3-888E-8F71CF12D634}"
EndProject
Project("{FAE04EC0-301F-11D3-BF4B-00C04F79EFBC}") = "Models", "..\MtgDeckBuilder-Shared\Models\Models.csproj", "{EFDA188C-7F07-4F24-A8C6-A8B896724292}"
EndProject
Project("{FAE04EC0-301F-11D3-BF4B-00C04F79EFBC}") = "ModelTests", "..\MtgDeckBuilder-Shared\ModelTests\ModelTests.csproj", "{A50679E9-E4CD-4337-AD5F-000C9EB43DD5}"
EndProject
Project("{FAE04EC0-301F-11D3-BF4B-00C04F79EFBC}") = "Utils", "..\MtgDeckBuilder-Shared\TestUtils\Utils.csproj", "{269F5149-B080-4615-A2AA-CD801AA9BBAA}"
EndProject
Project("{2150E333-8FDC-42A3-9474-1A3956D46DE8}") = "Unit Tests", "Unit Tests", "{FB12EB0F-85D3-46E2-9A8C-0F8E9F28A40E}"
EndProject
Project("{FAE04EC0-301F-11D3-BF4B-00C04F79EFBC}") = "ViewModels", "..\MtgDeckBuilder-Shared\ViewModels\ViewModels.csproj", "{5874F5E4-3DD3-4373-9D7A-FDF5B37D643A}"
EndProject
Project("{FAE04EC0-301F-11D3-BF4B-00C04F79EFBC}") = "WPFUtilities", "..\MtgDeckBuilder-Shared\Utilities\WPFUtilities.csproj", "{9F4A9A68-F2FA-4F4B-B8FE-F0C4B296D9C0}"
EndProject
Project("{FAE04EC0-301F-11D3-BF4B-00C04F79EFBC}") = "ViewModelTests", "..\MtgDeckBuilder-Shared\ViewModelTests\ViewModelTests.csproj", "{44E2386A-F07D-47C6-B644-8B8E3781C067}"
EndProject
Global
	GlobalSection(SolutionConfigurationPlatforms) = preSolution
		Debug|Any CPU = Debug|Any CPU
		Release|Any CPU = Release|Any CPU
	EndGlobalSection
	GlobalSection(ProjectConfigurationPlatforms) = postSolution
		{3DB7EDA2-D892-46A3-888E-8F71CF12D634}.Debug|Any CPU.ActiveCfg = Debug|Any CPU
		{3DB7EDA2-D892-46A3-888E-8F71CF12D634}.Debug|Any CPU.Build.0 = Debug|Any CPU
		{3DB7EDA2-D892-46A3-888E-8F71CF12D634}.Release|Any CPU.ActiveCfg = Release|Any CPU
		{3DB7EDA2-D892-46A3-888E-8F71CF12D634}.Release|Any CPU.Build.0 = Release|Any CPU
		{EFDA188C-7F07-4F24-A8C6-A8B896724292}.Debug|Any CPU.ActiveCfg = Debug|Any CPU
		{EFDA188C-7F07-4F24-A8C6-A8B896724292}.Debug|Any CPU.Build.0 = Debug|Any CPU
		{EFDA188C-7F07-4F24-A8C6-A8B896724292}.Release|Any CPU.ActiveCfg = Release|Any CPU
		{EFDA188C-7F07-4F24-A8C6-A8B896724292}.Release|Any CPU.Build.0 = Release|Any CPU
		{A50679E9-E4CD-4337-AD5F-000C9EB43DD5}.Debug|Any CPU.ActiveCfg = Debug|Any CPU
		{A50679E9-E4CD-4337-AD5F-000C9EB43DD5}.Debug|Any CPU.Build.0 = Debug|Any CPU
		{A50679E9-E4CD-4337-AD5F-000C9EB43DD5}.Release|Any CPU.ActiveCfg = Release|Any CPU
		{A50679E9-E4CD-4337-AD5F-000C9EB43DD5}.Release|Any CPU.Build.0 = Release|Any CPU
		{269F5149-B080-4615-A2AA-CD801AA9BBAA}.Debug|Any CPU.ActiveCfg = Debug|Any CPU
		{269F5149-B080-4615-A2AA-CD801AA9BBAA}.Debug|Any CPU.Build.0 = Debug|Any CPU
		{269F5149-B080-4615-A2AA-CD801AA9BBAA}.Release|Any CPU.ActiveCfg = Release|Any CPU
		{269F5149-B080-4615-A2AA-CD801AA9BBAA}.Release|Any CPU.Build.0 = Release|Any CPU
		{5874F5E4-3DD3-4373-9D7A-FDF5B37D643A}.Debug|Any CPU.ActiveCfg = Debug|Any CPU
		{5874F5E4-3DD3-4373-9D7A-FDF5B37D643A}.Debug|Any CPU.Build.0 = Debug|Any CPU
		{5874F5E4-3DD3-4373-9D7A-FDF5B37D643A}.Release|Any CPU.ActiveCfg = Release|Any CPU
		{5874F5E4-3DD3-4373-9D7A-FDF5B37D643A}.Release|Any CPU.Build.0 = Release|Any CPU
		{9F4A9A68-F2FA-4F4B-B8FE-F0C4B296D9C0}.Debug|Any CPU.ActiveCfg = Debug|Any CPU
		{9F4A9A68-F2FA-4F4B-B8FE-F0C4B296D9C0}.Debug|Any CPU.Build.0 = Debug|Any CPU
		{9F4A9A68-F2FA-4F4B-B8FE-F0C4B296D9C0}.Release|Any CPU.ActiveCfg = Release|Any CPU
		{9F4A9A68-F2FA-4F4B-B8FE-F0C4B296D9C0}.Release|Any CPU.Build.0 = Release|Any CPU
		{44E2386A-F07D-47C6-B644-8B8E3781C067}.Debug|Any CPU.ActiveCfg = Debug|Any CPU
		{44E2386A-F07D-47C6-B644-8B8E3781C067}.Debug|Any CPU.Build.0 = Debug|Any CPU
		{44E2386A-F07D-47C6-B644-8B8E3781C067}.Release|Any CPU.ActiveCfg = Release|Any CPU
		{44E2386A-F07D-47C6-B644-8B8E3781C067}.Release|Any CPU.Build.0 = Release|Any CPU
	EndGlobalSection
	GlobalSection(SolutionProperties) = preSolution
		HideSolutionNode = FALSE
	EndGlobalSection
	GlobalSection(NestedProjects) = preSolution
		{269F5149-B080-4615-A2AA-CD801AA9BBAA} = {FB12EB0F-85D3-46E2-9A8C-0F8E9F28A40E}
		{A50679E9-E4CD-4337-AD5F-000C9EB43DD5} = {FB12EB0F-85D3-46E2-9A8C-0F8E9F28A40E}
		{44E2386A-F07D-47C6-B644-8B8E3781C067} = {FB12EB0F-85D3-46E2-9A8C-0F8E9F28A40E}
	EndGlobalSection
EndGlobal
