
Microsoft Visual Studio Solution File, Format Version 12.00
# Visual Studio 2012
Project("{FAE04EC0-301F-11D3-BF4B-00C04F79EFBC}") = "MtgDeckBuilder-Desktop", "MtgDeckBuilder-Desktop.csproj", "{3DB7EDA2-D892-46A3-888E-8F71CF12D634}"
EndProject
Project("{FAE04EC0-301F-11D3-BF4B-00C04F79EFBC}") = "Models", "..\MtgDeckBuilder-Shared\Models\Models.csproj", "{EFDA188C-7F07-4F24-A8C6-A8B896724292}"
EndProject
Global
	GlobalSection(SolutionConfigurationPlatforms) = preSolution
		Debug|Any CPU = Debug|Any CPU
		Release|Any CPU = Release|Any CPU
	EndGlobalSection
	GlobalSection(ProjectConfigurationPlatforms) = postSolution
		{3DB7EDA2-D892-46A3-888E-8F71CF12D634}.Debug|Any CPU.ActiveCfg = Debug|Any CPU
		{3DB7EDA2-D892-46A3-888E-8F71CF12D634}.Debug|Any CPU.Build.0 = Debug|Any CPU
		{3DB7EDA2-D892-46A3-888E-8F71CF12D634}.Release|Any CPU.ActiveCfg = Release|Any CPU
		{3DB7EDA2-D892-46A3-888E-8F71CF12D634}.Release|Any CPU.Build.0 = Release|Any CPU
		{EFDA188C-7F07-4F24-A8C6-A8B896724292}.Debug|Any CPU.ActiveCfg = Debug|Any CPU
		{EFDA188C-7F07-4F24-A8C6-A8B896724292}.Debug|Any CPU.Build.0 = Debug|Any CPU
		{EFDA188C-7F07-4F24-A8C6-A8B896724292}.Release|Any CPU.ActiveCfg = Release|Any CPU
		{EFDA188C-7F07-4F24-A8C6-A8B896724292}.Release|Any CPU.Build.0 = Release|Any CPU
	EndGlobalSection
	GlobalSection(SolutionProperties) = preSolution
		HideSolutionNode = FALSE
	EndGlobalSection
EndGlobal
